<?xml version="1.0" encoding="utf-8"?>
<Project ToolsVersion="4.0" xmlns="http://schemas.microsoft.com/developer/msbuild/2003">
  <ItemGroup>
    <Filter Include="Source Files">
      <UniqueIdentifier>{bf5a97da-e4b9-4e4a-b699-43102547d834}</UniqueIdentifier>
      <Extensions>cpp;c;cxx;def;odl;idl;hpj;bat;asm</Extensions>
    </Filter>
    <Filter Include="Header Files">
      <UniqueIdentifier>{b221161c-ced7-4223-8951-10286edde54c}</UniqueIdentifier>
      <Extensions>h;hpp;hxx;hm;inl;inc</Extensions>
    </Filter>
    <Filter Include="Resource Files">
      <UniqueIdentifier>{3da95a5b-e94f-492f-b414-aaf28a475b0a}</UniqueIdentifier>
      <Extensions>rc;ico;cur;bmp;dlg;rc2;rct;bin;rgs;jpg;jpeg;jpe;manifest</Extensions>
    </Filter>
  </ItemGroup>
  <ItemGroup>
    <ClCompile Include="stdafx.cpp">
      <Filter>Source Files</Filter>
    </ClCompile>
    <ClCompile Include="HttpDownload.cpp">
      <Filter>Source Files</Filter>
    </ClCompile>
    <ClCompile Include="WinHttpBase.cpp">
      <Filter>Source Files</Filter>
    </ClCompile>
    <ClCompile Include="HttpHeader.cpp">
      <Filter>Source Files</Filter>
    </ClCompile>
    <ClCompile Include="WinHttpRequest.cpp">
      <Filter>Source Files</Filter>
    </ClCompile>
    <ClCompile Include="DownloadFile.cpp">
      <Filter>Source Files</Filter>
    </ClCompile>
    <ClCompile Include="WinHttpGet.cpp">
      <Filter>Source Files</Filter>
    </ClCompile>
    <ClCompile Include="WinHttpPost.cpp">
      <Filter>Source Files</Filter>
    </ClCompile>
    <ClCompile Include="HttpProxy.cpp">
      <Filter>Source Files</Filter>
    </ClCompile>
  </ItemGroup>
  <ItemGroup>
    <ClInclude Include="stdafx.h">
      <Filter>Header Files</Filter>
    </ClInclude>
    <ClInclude Include="MainDlg.h">
      <Filter>Header Files</Filter>
    </ClInclude>
    <ClInclude Include="resource.h">
      <Filter>Header Files</Filter>
    </ClInclude>
    <ClInclude Include="IWinHttpWrapper.h">
      <Filter>Header Files</Filter>
    </ClInclude>
    <ClInclude Include="WinHttpBase.h">
      <Filter>Header Files</Filter>
    </ClInclude>
    <ClInclude Include="HttpHeader.h">
      <Filter>Header Files</Filter>
    </ClInclude>
    <ClInclude Include="HttpProxy.h">
      <Filter>Header Files</Filter>
    </ClInclude>
    <ClInclude Include="WinHttpRequest.h">
      <Filter>Header Files</Filter>
    </ClInclude>
    <ClInclude Include="DownloadFile.h">
      <Filter>Header Files</Filter>
    </ClInclude>
    <ClInclude Include="WinHttpGet.h">
      <Filter>Header Files</Filter>
    </ClInclude>
    <ClInclude Include="WinHttpPost.h">
      <Filter>Header Files</Filter>
    </ClInclude>
  </ItemGroup>
  <ItemGroup>
    <ResourceCompile Include="HttpDownload.rc">
      <Filter>Resource Files</Filter>
    </ResourceCompile>
  </ItemGroup>
  <ItemGroup>
    <Image Include="res\HttpDownload.ico">
      <Filter>Resource Files</Filter>
    </Image>
  </ItemGroup>
</Project>